
Microsoft Visual Studio Solution File, Format Version 12.00
# Visual Studio 15
VisualStudioVersion = 15.0.28010.0
MinimumVisualStudioVersion = 10.0.40219.1
Project("{FAE04EC0-301F-11D3-BF4B-00C04F79EFBC}") = "Moon.AppMetricsMonitor", "src\Moon.AppMetricsMonitor\Moon.AppMetricsMonitor.csproj", "{D1EBE744-58C3-4979-98DF-FE7B3DFD60B4}"
EndProject
Global
	GlobalSection(SolutionConfigurationPlatforms) = preSolution
		Debug|Any CPU = Debug|Any CPU
		Release|Any CPU = Release|Any CPU
	EndGlobalSection
	GlobalSection(ProjectConfigurationPlatforms) = postSolution
		{D1EBE744-58C3-4979-98DF-FE7B3DFD60B4}.Debug|Any CPU.ActiveCfg = Debug|Any CPU
		{D1EBE744-58C3-4979-98DF-FE7B3DFD60B4}.Debug|Any CPU.Build.0 = Debug|Any CPU
		{D1EBE744-58C3-4979-98DF-FE7B3DFD60B4}.Release|Any CPU.ActiveCfg = Release|Any CPU
		{D1EBE744-58C3-4979-98DF-FE7B3DFD60B4}.Release|Any CPU.Build.0 = Release|Any CPU
	EndGlobalSection
	GlobalSection(SolutionProperties) = preSolution
		HideSolutionNode = FALSE
	EndGlobalSection
	GlobalSection(ExtensibilityGlobals) = postSolution
		SolutionGuid = {2316D100-F45C-4D24-BD96-8056FF2A5FAA}
	EndGlobalSection
EndGlobal
